
Microsoft Visual Studio Solution File, Format Version 12.00
# Visual Studio Express 2013 for Windows Desktop
VisualStudioVersion = 12.0.31101.0
MinimumVisualStudioVersion = 10.0.40219.1
Project("{FAE04EC0-301F-11D3-BF4B-00C04F79EFBC}") = "MinesweeperTools", "MinesweeperTools\MinesweeperTools.csproj", "{17EE0BA2-934D-4BF6-B179-0478B8A22AE1}"
EndProject
Project("{FAE04EC0-301F-11D3-BF4B-00C04F79EFBC}") = "MinesweeperTools.UnitTest", "MinesweeperTools.UnitTest\MinesweeperTools.UnitTest.csproj", "{3B884E7A-F314-47E4-94E5-3A079CE532D4}"
EndProject
Global
	GlobalSection(SolutionConfigurationPlatforms) = preSolution
		Debug|Any CPU = Debug|Any CPU
		Release|Any CPU = Release|Any CPU
	EndGlobalSection
	GlobalSection(ProjectConfigurationPlatforms) = postSolution
		{17EE0BA2-934D-4BF6-B179-0478B8A22AE1}.Debug|Any CPU.ActiveCfg = Debug|Any CPU
		{17EE0BA2-934D-4BF6-B179-0478B8A22AE1}.Debug|Any CPU.Build.0 = Debug|Any CPU
		{17EE0BA2-934D-4BF6-B179-0478B8A22AE1}.Release|Any CPU.ActiveCfg = Release|Any CPU
		{17EE0BA2-934D-4BF6-B179-0478B8A22AE1}.Release|Any CPU.Build.0 = Release|Any CPU
		{3B884E7A-F314-47E4-94E5-3A079CE532D4}.Debug|Any CPU.ActiveCfg = Debug|Any CPU
		{3B884E7A-F314-47E4-94E5-3A079CE532D4}.Debug|Any CPU.Build.0 = Debug|Any CPU
		{3B884E7A-F314-47E4-94E5-3A079CE532D4}.Release|Any CPU.ActiveCfg = Release|Any CPU
		{3B884E7A-F314-47E4-94E5-3A079CE532D4}.Release|Any CPU.Build.0 = Release|Any CPU
	EndGlobalSection
	GlobalSection(SolutionProperties) = preSolution
		HideSolutionNode = FALSE
	EndGlobalSection
EndGlobal
